// !$*UTF8*$!
{
	archiveVersion = 1;
	classes = {
	};
	objectVersion = 50;
	objects = {

/* Begin PBXBuildFile section */
		021EA62C50600714483A8CF5 /* Pods_hackGTiOSUITests.framework in Frameworks */ = {isa = PBXBuildFile; fileRef = 5A2F0EDB0C0D88996C23968B /* Pods_hackGTiOSUITests.framework */; };
		653E284D21F38C0F157E002B /* Pods_hackGTiOS.framework in Frameworks */ = {isa = PBXBuildFile; fileRef = FA6DB75D186110C9670600AA /* Pods_hackGTiOS.framework */; };
		C612119767BD0B10A81F8028 /* Pods_hackGTiOSTests.framework in Frameworks */ = {isa = PBXBuildFile; fileRef = 8D67FD41284D7BBDD724233C /* Pods_hackGTiOSTests.framework */; };
		CB35CE60217AE81A004E83A6 /* AppDelegate.swift in Sources */ = {isa = PBXBuildFile; fileRef = CB35CE5F217AE81A004E83A6 /* AppDelegate.swift */; };
		CB35CE62217AE81A004E83A6 /* ViewController.swift in Sources */ = {isa = PBXBuildFile; fileRef = CB35CE61217AE81A004E83A6 /* ViewController.swift */; };
		CB35CE65217AE81A004E83A6 /* Main.storyboard in Resources */ = {isa = PBXBuildFile; fileRef = CB35CE63217AE81A004E83A6 /* Main.storyboard */; };
		CB35CE67217AE81C004E83A6 /* Assets.xcassets in Resources */ = {isa = PBXBuildFile; fileRef = CB35CE66217AE81C004E83A6 /* Assets.xcassets */; };
		CB35CE6A217AE81C004E83A6 /* LaunchScreen.storyboard in Resources */ = {isa = PBXBuildFile; fileRef = CB35CE68217AE81C004E83A6 /* LaunchScreen.storyboard */; };
		CB35CE75217AE81C004E83A6 /* hackGTiOSTests.swift in Sources */ = {isa = PBXBuildFile; fileRef = CB35CE74217AE81C004E83A6 /* hackGTiOSTests.swift */; };
		CB35CE80217AE81C004E83A6 /* hackGTiOSUITests.swift in Sources */ = {isa = PBXBuildFile; fileRef = CB35CE7F217AE81C004E83A6 /* hackGTiOSUITests.swift */; };
		CB35CE90217AF011004E83A6 /* MainViewController.swift in Sources */ = {isa = PBXBuildFile; fileRef = CB35CE8F217AF011004E83A6 /* MainViewController.swift */; };
		CB35CE92217B5021004E83A6 /* ScheduleViewController.swift in Sources */ = {isa = PBXBuildFile; fileRef = CB35CE91217B5020004E83A6 /* ScheduleViewController.swift */; };
		CB35CE94217B646D004E83A6 /* ProfileViewController.swift in Sources */ = {isa = PBXBuildFile; fileRef = CB35CE93217B646D004E83A6 /* ProfileViewController.swift */; };
		CB35CE96217BA6AA004E83A6 /* BeaconScanner.swift in Sources */ = {isa = PBXBuildFile; fileRef = CB35CE95217BA6AA004E83A6 /* BeaconScanner.swift */; };
		CB35CE98217BA6BC004E83A6 /* Eddystone.swift in Sources */ = {isa = PBXBuildFile; fileRef = CB35CE97217BA6BC004E83A6 /* Eddystone.swift */; };
		CB35CE9A217BA6BF004E83A6 /* DispatchTimer.swift in Sources */ = {isa = PBXBuildFile; fileRef = CB35CE99217BA6BF004E83A6 /* DispatchTimer.swift */; };
/* End PBXBuildFile section */

/* Begin PBXContainerItemProxy section */
		CB35CE71217AE81C004E83A6 /* PBXContainerItemProxy */ = {
			isa = PBXContainerItemProxy;
			containerPortal = CB35CE54217AE81A004E83A6 /* Project object */;
			proxyType = 1;
			remoteGlobalIDString = CB35CE5B217AE81A004E83A6;
			remoteInfo = hackGTiOS;
		};
		CB35CE7C217AE81C004E83A6 /* PBXContainerItemProxy */ = {
			isa = PBXContainerItemProxy;
			containerPortal = CB35CE54217AE81A004E83A6 /* Project object */;
			proxyType = 1;
			remoteGlobalIDString = CB35CE5B217AE81A004E83A6;
			remoteInfo = hackGTiOS;
		};
/* End PBXContainerItemProxy section */

/* Begin PBXFileReference section */
		068191474200AD22EDAD51D7 /* Pods-hackGTiOS.release.xcconfig */ = {isa = PBXFileReference; includeInIndex = 1; lastKnownFileType = text.xcconfig; name = "Pods-hackGTiOS.release.xcconfig"; path = "Target Support Files/Pods-hackGTiOS/Pods-hackGTiOS.release.xcconfig"; sourceTree = "<group>"; };
		270B2E1A1EF82B736EA11980 /* Pods-hackGTiOSUITests.release.xcconfig */ = {isa = PBXFileReference; includeInIndex = 1; lastKnownFileType = text.xcconfig; name = "Pods-hackGTiOSUITests.release.xcconfig"; path = "Target Support Files/Pods-hackGTiOSUITests/Pods-hackGTiOSUITests.release.xcconfig"; sourceTree = "<group>"; };
		4580B0150D9884548C46E7F5 /* Pods-hackGTiOS.debug.xcconfig */ = {isa = PBXFileReference; includeInIndex = 1; lastKnownFileType = text.xcconfig; name = "Pods-hackGTiOS.debug.xcconfig"; path = "Target Support Files/Pods-hackGTiOS/Pods-hackGTiOS.debug.xcconfig"; sourceTree = "<group>"; };
		5A2F0EDB0C0D88996C23968B /* Pods_hackGTiOSUITests.framework */ = {isa = PBXFileReference; explicitFileType = wrapper.framework; includeInIndex = 0; path = Pods_hackGTiOSUITests.framework; sourceTree = BUILT_PRODUCTS_DIR; };
		5CB23D59F1C61A471A851645 /* Pods-hackGTiOSUITests.debug.xcconfig */ = {isa = PBXFileReference; includeInIndex = 1; lastKnownFileType = text.xcconfig; name = "Pods-hackGTiOSUITests.debug.xcconfig"; path = "Target Support Files/Pods-hackGTiOSUITests/Pods-hackGTiOSUITests.debug.xcconfig"; sourceTree = "<group>"; };
		8D67FD41284D7BBDD724233C /* Pods_hackGTiOSTests.framework */ = {isa = PBXFileReference; explicitFileType = wrapper.framework; includeInIndex = 0; path = Pods_hackGTiOSTests.framework; sourceTree = BUILT_PRODUCTS_DIR; };
		A66FF5BDF114B22C4B1FE57D /* Pods-hackGTiOSTests.release.xcconfig */ = {isa = PBXFileReference; includeInIndex = 1; lastKnownFileType = text.xcconfig; name = "Pods-hackGTiOSTests.release.xcconfig"; path = "Target Support Files/Pods-hackGTiOSTests/Pods-hackGTiOSTests.release.xcconfig"; sourceTree = "<group>"; };
		CB35CE5C217AE81A004E83A6 /* hackGTiOS.app */ = {isa = PBXFileReference; explicitFileType = wrapper.application; includeInIndex = 0; path = hackGTiOS.app; sourceTree = BUILT_PRODUCTS_DIR; };
		CB35CE5F217AE81A004E83A6 /* AppDelegate.swift */ = {isa = PBXFileReference; lastKnownFileType = sourcecode.swift; path = AppDelegate.swift; sourceTree = "<group>"; };
		CB35CE61217AE81A004E83A6 /* ViewController.swift */ = {isa = PBXFileReference; lastKnownFileType = sourcecode.swift; path = ViewController.swift; sourceTree = "<group>"; };
		CB35CE64217AE81A004E83A6 /* Base */ = {isa = PBXFileReference; lastKnownFileType = file.storyboard; name = Base; path = Base.lproj/Main.storyboard; sourceTree = "<group>"; };
		CB35CE66217AE81C004E83A6 /* Assets.xcassets */ = {isa = PBXFileReference; lastKnownFileType = folder.assetcatalog; path = Assets.xcassets; sourceTree = "<group>"; };
		CB35CE69217AE81C004E83A6 /* Base */ = {isa = PBXFileReference; lastKnownFileType = file.storyboard; name = Base; path = Base.lproj/LaunchScreen.storyboard; sourceTree = "<group>"; };
		CB35CE6B217AE81C004E83A6 /* Info.plist */ = {isa = PBXFileReference; lastKnownFileType = text.plist.xml; path = Info.plist; sourceTree = "<group>"; };
		CB35CE70217AE81C004E83A6 /* hackGTiOSTests.xctest */ = {isa = PBXFileReference; explicitFileType = wrapper.cfbundle; includeInIndex = 0; path = hackGTiOSTests.xctest; sourceTree = BUILT_PRODUCTS_DIR; };
		CB35CE74217AE81C004E83A6 /* hackGTiOSTests.swift */ = {isa = PBXFileReference; lastKnownFileType = sourcecode.swift; path = hackGTiOSTests.swift; sourceTree = "<group>"; };
		CB35CE76217AE81C004E83A6 /* Info.plist */ = {isa = PBXFileReference; lastKnownFileType = text.plist.xml; path = Info.plist; sourceTree = "<group>"; };
		CB35CE7B217AE81C004E83A6 /* hackGTiOSUITests.xctest */ = {isa = PBXFileReference; explicitFileType = wrapper.cfbundle; includeInIndex = 0; path = hackGTiOSUITests.xctest; sourceTree = BUILT_PRODUCTS_DIR; };
		CB35CE7F217AE81C004E83A6 /* hackGTiOSUITests.swift */ = {isa = PBXFileReference; lastKnownFileType = sourcecode.swift; path = hackGTiOSUITests.swift; sourceTree = "<group>"; };
		CB35CE81217AE81C004E83A6 /* Info.plist */ = {isa = PBXFileReference; lastKnownFileType = text.plist.xml; path = Info.plist; sourceTree = "<group>"; };
		CB35CE8F217AF011004E83A6 /* MainViewController.swift */ = {isa = PBXFileReference; lastKnownFileType = sourcecode.swift; path = MainViewController.swift; sourceTree = "<group>"; };
		CB35CE91217B5020004E83A6 /* ScheduleViewController.swift */ = {isa = PBXFileReference; lastKnownFileType = sourcecode.swift; path = ScheduleViewController.swift; sourceTree = "<group>"; };
		CB35CE93217B646D004E83A6 /* ProfileViewController.swift */ = {isa = PBXFileReference; lastKnownFileType = sourcecode.swift; path = ProfileViewController.swift; sourceTree = "<group>"; };
		CB35CE95217BA6AA004E83A6 /* BeaconScanner.swift */ = {isa = PBXFileReference; lastKnownFileType = sourcecode.swift; path = BeaconScanner.swift; sourceTree = "<group>"; };
		CB35CE97217BA6BC004E83A6 /* Eddystone.swift */ = {isa = PBXFileReference; lastKnownFileType = sourcecode.swift; path = Eddystone.swift; sourceTree = "<group>"; };
		CB35CE99217BA6BF004E83A6 /* DispatchTimer.swift */ = {isa = PBXFileReference; lastKnownFileType = sourcecode.swift; path = DispatchTimer.swift; sourceTree = "<group>"; };
		D67D7BCE21771BAEDF1B647F /* Pods-hackGTiOSTests.debug.xcconfig */ = {isa = PBXFileReference; includeInIndex = 1; lastKnownFileType = text.xcconfig; name = "Pods-hackGTiOSTests.debug.xcconfig"; path = "Target Support Files/Pods-hackGTiOSTests/Pods-hackGTiOSTests.debug.xcconfig"; sourceTree = "<group>"; };
		FA6DB75D186110C9670600AA /* Pods_hackGTiOS.framework */ = {isa = PBXFileReference; explicitFileType = wrapper.framework; includeInIndex = 0; path = Pods_hackGTiOS.framework; sourceTree = BUILT_PRODUCTS_DIR; };
/* End PBXFileReference section */

/* Begin PBXFrameworksBuildPhase section */
		CB35CE59217AE81A004E83A6 /* Frameworks */ = {
			isa = PBXFrameworksBuildPhase;
			buildActionMask = 2147483647;
			files = (
				653E284D21F38C0F157E002B /* Pods_hackGTiOS.framework in Frameworks */,
			);
			runOnlyForDeploymentPostprocessing = 0;
		};
		CB35CE6D217AE81C004E83A6 /* Frameworks */ = {
			isa = PBXFrameworksBuildPhase;
			buildActionMask = 2147483647;
			files = (
				C612119767BD0B10A81F8028 /* Pods_hackGTiOSTests.framework in Frameworks */,
			);
			runOnlyForDeploymentPostprocessing = 0;
		};
		CB35CE78217AE81C004E83A6 /* Frameworks */ = {
			isa = PBXFrameworksBuildPhase;
			buildActionMask = 2147483647;
			files = (
				021EA62C50600714483A8CF5 /* Pods_hackGTiOSUITests.framework in Frameworks */,
			);
			runOnlyForDeploymentPostprocessing = 0;
		};
/* End PBXFrameworksBuildPhase section */

/* Begin PBXGroup section */
		A04A221FB8C44792D69CEBE3 /* Frameworks */ = {
			isa = PBXGroup;
			children = (
				FA6DB75D186110C9670600AA /* Pods_hackGTiOS.framework */,
				8D67FD41284D7BBDD724233C /* Pods_hackGTiOSTests.framework */,
				5A2F0EDB0C0D88996C23968B /* Pods_hackGTiOSUITests.framework */,
			);
			name = Frameworks;
			sourceTree = "<group>";
		};
		CB35CE53217AE81A004E83A6 = {
			isa = PBXGroup;
			children = (
				CB35CE5E217AE81A004E83A6 /* hackGTiOS */,
				CB35CE73217AE81C004E83A6 /* hackGTiOSTests */,
				CB35CE7E217AE81C004E83A6 /* hackGTiOSUITests */,
				CB35CE5D217AE81A004E83A6 /* Products */,
				F50B5F7848205E37456597E2 /* Pods */,
				A04A221FB8C44792D69CEBE3 /* Frameworks */,
			);
			sourceTree = "<group>";
		};
		CB35CE5D217AE81A004E83A6 /* Products */ = {
			isa = PBXGroup;
			children = (
				CB35CE5C217AE81A004E83A6 /* hackGTiOS.app */,
				CB35CE70217AE81C004E83A6 /* hackGTiOSTests.xctest */,
				CB35CE7B217AE81C004E83A6 /* hackGTiOSUITests.xctest */,
			);
			name = Products;
			sourceTree = "<group>";
		};
		CB35CE5E217AE81A004E83A6 /* hackGTiOS */ = {
			isa = PBXGroup;
			children = (
				CB35CE5F217AE81A004E83A6 /* AppDelegate.swift */,
				CB35CE97217BA6BC004E83A6 /* Eddystone.swift */,
				CB35CE95217BA6AA004E83A6 /* BeaconScanner.swift */,
				CB35CE99217BA6BF004E83A6 /* DispatchTimer.swift */,
				CB35CE61217AE81A004E83A6 /* ViewController.swift */,
				CB35CE8F217AF011004E83A6 /* MainViewController.swift */,
				CB35CE93217B646D004E83A6 /* ProfileViewController.swift */,
				CB35CE91217B5020004E83A6 /* ScheduleViewController.swift */,
				CB35CE63217AE81A004E83A6 /* Main.storyboard */,
				CB35CE66217AE81C004E83A6 /* Assets.xcassets */,
				CB35CE68217AE81C004E83A6 /* LaunchScreen.storyboard */,
				CB35CE6B217AE81C004E83A6 /* Info.plist */,
			);
			path = hackGTiOS;
			sourceTree = "<group>";
		};
		CB35CE73217AE81C004E83A6 /* hackGTiOSTests */ = {
			isa = PBXGroup;
			children = (
				CB35CE74217AE81C004E83A6 /* hackGTiOSTests.swift */,
				CB35CE76217AE81C004E83A6 /* Info.plist */,
			);
			path = hackGTiOSTests;
			sourceTree = "<group>";
		};
		CB35CE7E217AE81C004E83A6 /* hackGTiOSUITests */ = {
			isa = PBXGroup;
			children = (
				CB35CE7F217AE81C004E83A6 /* hackGTiOSUITests.swift */,
				CB35CE81217AE81C004E83A6 /* Info.plist */,
			);
			path = hackGTiOSUITests;
			sourceTree = "<group>";
		};
		F50B5F7848205E37456597E2 /* Pods */ = {
			isa = PBXGroup;
			children = (
				4580B0150D9884548C46E7F5 /* Pods-hackGTiOS.debug.xcconfig */,
				068191474200AD22EDAD51D7 /* Pods-hackGTiOS.release.xcconfig */,
				D67D7BCE21771BAEDF1B647F /* Pods-hackGTiOSTests.debug.xcconfig */,
				A66FF5BDF114B22C4B1FE57D /* Pods-hackGTiOSTests.release.xcconfig */,
				5CB23D59F1C61A471A851645 /* Pods-hackGTiOSUITests.debug.xcconfig */,
				270B2E1A1EF82B736EA11980 /* Pods-hackGTiOSUITests.release.xcconfig */,
			);
			path = Pods;
			sourceTree = "<group>";
		};
/* End PBXGroup section */

/* Begin PBXNativeTarget section */
		CB35CE5B217AE81A004E83A6 /* hackGTiOS */ = {
			isa = PBXNativeTarget;
			buildConfigurationList = CB35CE84217AE81C004E83A6 /* Build configuration list for PBXNativeTarget "hackGTiOS" */;
			buildPhases = (
				652E01D160FB0DBC217AEEEF /* [CP] Check Pods Manifest.lock */,
				CB35CE58217AE81A004E83A6 /* Sources */,
				CB35CE59217AE81A004E83A6 /* Frameworks */,
				CB35CE5A217AE81A004E83A6 /* Resources */,
				1BD61FBDAE407C2857829F88 /* [CP] Embed Pods Frameworks */,
			);
			buildRules = (
			);
			dependencies = (
			);
			name = hackGTiOS;
			productName = hackGTiOS;
			productReference = CB35CE5C217AE81A004E83A6 /* hackGTiOS.app */;
			productType = "com.apple.product-type.application";
		};
		CB35CE6F217AE81C004E83A6 /* hackGTiOSTests */ = {
			isa = PBXNativeTarget;
			buildConfigurationList = CB35CE87217AE81C004E83A6 /* Build configuration list for PBXNativeTarget "hackGTiOSTests" */;
			buildPhases = (
				D48A7CEF666A8319F40982CF /* [CP] Check Pods Manifest.lock */,
				CB35CE6C217AE81C004E83A6 /* Sources */,
				CB35CE6D217AE81C004E83A6 /* Frameworks */,
				CB35CE6E217AE81C004E83A6 /* Resources */,
			);
			buildRules = (
			);
			dependencies = (
				CB35CE72217AE81C004E83A6 /* PBXTargetDependency */,
			);
			name = hackGTiOSTests;
			productName = hackGTiOSTests;
			productReference = CB35CE70217AE81C004E83A6 /* hackGTiOSTests.xctest */;
			productType = "com.apple.product-type.bundle.unit-test";
		};
		CB35CE7A217AE81C004E83A6 /* hackGTiOSUITests */ = {
			isa = PBXNativeTarget;
			buildConfigurationList = CB35CE8A217AE81C004E83A6 /* Build configuration list for PBXNativeTarget "hackGTiOSUITests" */;
			buildPhases = (
				FEEBBDDFEFB593804A82F3C0 /* [CP] Check Pods Manifest.lock */,
				CB35CE77217AE81C004E83A6 /* Sources */,
				CB35CE78217AE81C004E83A6 /* Frameworks */,
				CB35CE79217AE81C004E83A6 /* Resources */,
			);
			buildRules = (
			);
			dependencies = (
				CB35CE7D217AE81C004E83A6 /* PBXTargetDependency */,
			);
			name = hackGTiOSUITests;
			productName = hackGTiOSUITests;
			productReference = CB35CE7B217AE81C004E83A6 /* hackGTiOSUITests.xctest */;
			productType = "com.apple.product-type.bundle.ui-testing";
		};
/* End PBXNativeTarget section */

/* Begin PBXProject section */
		CB35CE54217AE81A004E83A6 /* Project object */ = {
			isa = PBXProject;
			attributes = {
				LastSwiftUpdateCheck = 1000;
				LastUpgradeCheck = 1000;
				ORGANIZATIONNAME = "Justin May";
				TargetAttributes = {
					CB35CE5B217AE81A004E83A6 = {
						CreatedOnToolsVersion = 10.0;
					};
					CB35CE6F217AE81C004E83A6 = {
						CreatedOnToolsVersion = 10.0;
						TestTargetID = CB35CE5B217AE81A004E83A6;
					};
					CB35CE7A217AE81C004E83A6 = {
						CreatedOnToolsVersion = 10.0;
						TestTargetID = CB35CE5B217AE81A004E83A6;
					};
				};
			};
			buildConfigurationList = CB35CE57217AE81A004E83A6 /* Build configuration list for PBXProject "hackGTiOS" */;
			compatibilityVersion = "Xcode 9.3";
			developmentRegion = en;
			hasScannedForEncodings = 0;
			knownRegions = (
				en,
				Base,
			);
			mainGroup = CB35CE53217AE81A004E83A6;
			productRefGroup = CB35CE5D217AE81A004E83A6 /* Products */;
			projectDirPath = "";
			projectRoot = "";
			targets = (
				CB35CE5B217AE81A004E83A6 /* hackGTiOS */,
				CB35CE6F217AE81C004E83A6 /* hackGTiOSTests */,
				CB35CE7A217AE81C004E83A6 /* hackGTiOSUITests */,
			);
		};
/* End PBXProject section */

/* Begin PBXResourcesBuildPhase section */
		CB35CE5A217AE81A004E83A6 /* Resources */ = {
			isa = PBXResourcesBuildPhase;
			buildActionMask = 2147483647;
			files = (
				CB35CE6A217AE81C004E83A6 /* LaunchScreen.storyboard in Resources */,
				CB35CE67217AE81C004E83A6 /* Assets.xcassets in Resources */,
				CB35CE65217AE81A004E83A6 /* Main.storyboard in Resources */,
			);
			runOnlyForDeploymentPostprocessing = 0;
		};
		CB35CE6E217AE81C004E83A6 /* Resources */ = {
			isa = PBXResourcesBuildPhase;
			buildActionMask = 2147483647;
			files = (
			);
			runOnlyForDeploymentPostprocessing = 0;
		};
		CB35CE79217AE81C004E83A6 /* Resources */ = {
			isa = PBXResourcesBuildPhase;
			buildActionMask = 2147483647;
			files = (
			);
			runOnlyForDeploymentPostprocessing = 0;
		};
/* End PBXResourcesBuildPhase section */

/* Begin PBXShellScriptBuildPhase section */
		1BD61FBDAE407C2857829F88 /* [CP] Embed Pods Frameworks */ = {
			isa = PBXShellScriptBuildPhase;
			buildActionMask = 2147483647;
			files = (
			);
			inputFileListPaths = (
			);
			inputPaths = (
				"${PODS_ROOT}/Target Support Files/Pods-hackGTiOS/Pods-hackGTiOS-frameworks.sh",
				"${BUILT_PRODUCTS_DIR}/Alamofire/Alamofire.framework",
				"${BUILT_PRODUCTS_DIR}/AlamofireObjectMapper/AlamofireObjectMapper.framework",
				"${BUILT_PRODUCTS_DIR}/ObjectMapper/ObjectMapper.framework",
			);
			name = "[CP] Embed Pods Frameworks";
			outputFileListPaths = (
			);
			outputPaths = (
				"${TARGET_BUILD_DIR}/${FRAMEWORKS_FOLDER_PATH}/Alamofire.framework",
				"${TARGET_BUILD_DIR}/${FRAMEWORKS_FOLDER_PATH}/AlamofireObjectMapper.framework",
				"${TARGET_BUILD_DIR}/${FRAMEWORKS_FOLDER_PATH}/ObjectMapper.framework",
			);
			runOnlyForDeploymentPostprocessing = 0;
			shellPath = /bin/sh;
			shellScript = "\"${PODS_ROOT}/Target Support Files/Pods-hackGTiOS/Pods-hackGTiOS-frameworks.sh\"\n";
			showEnvVarsInLog = 0;
		};
		652E01D160FB0DBC217AEEEF /* [CP] Check Pods Manifest.lock */ = {
			isa = PBXShellScriptBuildPhase;
			buildActionMask = 2147483647;
			files = (
			);
			inputFileListPaths = (
			);
			inputPaths = (
				"${PODS_PODFILE_DIR_PATH}/Podfile.lock",
				"${PODS_ROOT}/Manifest.lock",
			);
			name = "[CP] Check Pods Manifest.lock";
			outputFileListPaths = (
			);
			outputPaths = (
				"$(DERIVED_FILE_DIR)/Pods-hackGTiOS-checkManifestLockResult.txt",
			);
			runOnlyForDeploymentPostprocessing = 0;
			shellPath = /bin/sh;
			shellScript = "diff \"${PODS_PODFILE_DIR_PATH}/Podfile.lock\" \"${PODS_ROOT}/Manifest.lock\" > /dev/null\nif [ $? != 0 ] ; then\n    # print error to STDERR\n    echo \"error: The sandbox is not in sync with the Podfile.lock. Run 'pod install' or update your CocoaPods installation.\" >&2\n    exit 1\nfi\n# This output is used by Xcode 'outputs' to avoid re-running this script phase.\necho \"SUCCESS\" > \"${SCRIPT_OUTPUT_FILE_0}\"\n";
			showEnvVarsInLog = 0;
		};
		D48A7CEF666A8319F40982CF /* [CP] Check Pods Manifest.lock */ = {
			isa = PBXShellScriptBuildPhase;
			buildActionMask = 2147483647;
			files = (
			);
			inputFileListPaths = (
			);
			inputPaths = (
				"${PODS_PODFILE_DIR_PATH}/Podfile.lock",
				"${PODS_ROOT}/Manifest.lock",
			);
			name = "[CP] Check Pods Manifest.lock";
			outputFileListPaths = (
			);
			outputPaths = (
				"$(DERIVED_FILE_DIR)/Pods-hackGTiOSTests-checkManifestLockResult.txt",
			);
			runOnlyForDeploymentPostprocessing = 0;
			shellPath = /bin/sh;
			shellScript = "diff \"${PODS_PODFILE_DIR_PATH}/Podfile.lock\" \"${PODS_ROOT}/Manifest.lock\" > /dev/null\nif [ $? != 0 ] ; then\n    # print error to STDERR\n    echo \"error: The sandbox is not in sync with the Podfile.lock. Run 'pod install' or update your CocoaPods installation.\" >&2\n    exit 1\nfi\n# This output is used by Xcode 'outputs' to avoid re-running this script phase.\necho \"SUCCESS\" > \"${SCRIPT_OUTPUT_FILE_0}\"\n";
			showEnvVarsInLog = 0;
		};
		FEEBBDDFEFB593804A82F3C0 /* [CP] Check Pods Manifest.lock */ = {
			isa = PBXShellScriptBuildPhase;
			buildActionMask = 2147483647;
			files = (
			);
			inputFileListPaths = (
			);
			inputPaths = (
				"${PODS_PODFILE_DIR_PATH}/Podfile.lock",
				"${PODS_ROOT}/Manifest.lock",
			);
			name = "[CP] Check Pods Manifest.lock";
			outputFileListPaths = (
			);
			outputPaths = (
				"$(DERIVED_FILE_DIR)/Pods-hackGTiOSUITests-checkManifestLockResult.txt",
			);
			runOnlyForDeploymentPostprocessing = 0;
			shellPath = /bin/sh;
			shellScript = "diff \"${PODS_PODFILE_DIR_PATH}/Podfile.lock\" \"${PODS_ROOT}/Manifest.lock\" > /dev/null\nif [ $? != 0 ] ; then\n    # print error to STDERR\n    echo \"error: The sandbox is not in sync with the Podfile.lock. Run 'pod install' or update your CocoaPods installation.\" >&2\n    exit 1\nfi\n# This output is used by Xcode 'outputs' to avoid re-running this script phase.\necho \"SUCCESS\" > \"${SCRIPT_OUTPUT_FILE_0}\"\n";
			showEnvVarsInLog = 0;
		};
/* End PBXShellScriptBuildPhase section */

/* Begin PBXSourcesBuildPhase section */
		CB35CE58217AE81A004E83A6 /* Sources */ = {
			isa = PBXSourcesBuildPhase;
			buildActionMask = 2147483647;
			files = (
				CB35CE62217AE81A004E83A6 /* ViewController.swift in Sources */,
				CB35CE60217AE81A004E83A6 /* AppDelegate.swift in Sources */,
				CB35CE94217B646D004E83A6 /* ProfileViewController.swift in Sources */,
				CB35CE90217AF011004E83A6 /* MainViewController.swift in Sources */,
				CB35CE98217BA6BC004E83A6 /* Eddystone.swift in Sources */,
				CB35CE96217BA6AA004E83A6 /* BeaconScanner.swift in Sources */,
				CB35CE92217B5021004E83A6 /* ScheduleViewController.swift in Sources */,
				CB35CE9A217BA6BF004E83A6 /* DispatchTimer.swift in Sources */,
			);
			runOnlyForDeploymentPostprocessing = 0;
		};
		CB35CE6C217AE81C004E83A6 /* Sources */ = {
			isa = PBXSourcesBuildPhase;
			buildActionMask = 2147483647;
			files = (
				CB35CE75217AE81C004E83A6 /* hackGTiOSTests.swift in Sources */,
			);
			runOnlyForDeploymentPostprocessing = 0;
		};
		CB35CE77217AE81C004E83A6 /* Sources */ = {
			isa = PBXSourcesBuildPhase;
			buildActionMask = 2147483647;
			files = (
				CB35CE80217AE81C004E83A6 /* hackGTiOSUITests.swift in Sources */,
			);
			runOnlyForDeploymentPostprocessing = 0;
		};
/* End PBXSourcesBuildPhase section */

/* Begin PBXTargetDependency section */
		CB35CE72217AE81C004E83A6 /* PBXTargetDependency */ = {
			isa = PBXTargetDependency;
			target = CB35CE5B217AE81A004E83A6 /* hackGTiOS */;
			targetProxy = CB35CE71217AE81C004E83A6 /* PBXContainerItemProxy */;
		};
		CB35CE7D217AE81C004E83A6 /* PBXTargetDependency */ = {
			isa = PBXTargetDependency;
			target = CB35CE5B217AE81A004E83A6 /* hackGTiOS */;
			targetProxy = CB35CE7C217AE81C004E83A6 /* PBXContainerItemProxy */;
		};
/* End PBXTargetDependency section */

/* Begin PBXVariantGroup section */
		CB35CE63217AE81A004E83A6 /* Main.storyboard */ = {
			isa = PBXVariantGroup;
			children = (
				CB35CE64217AE81A004E83A6 /* Base */,
			);
			name = Main.storyboard;
			sourceTree = "<group>";
		};
		CB35CE68217AE81C004E83A6 /* LaunchScreen.storyboard */ = {
			isa = PBXVariantGroup;
			children = (
				CB35CE69217AE81C004E83A6 /* Base */,
			);
			name = LaunchScreen.storyboard;
			sourceTree = "<group>";
		};
/* End PBXVariantGroup section */

/* Begin XCBuildConfiguration section */
		CB35CE82217AE81C004E83A6 /* Debug */ = {
			isa = XCBuildConfiguration;
			buildSettings = {
				ALWAYS_SEARCH_USER_PATHS = NO;
				CLANG_ANALYZER_NONNULL = YES;
				CLANG_ANALYZER_NUMBER_OBJECT_CONVERSION = YES_AGGRESSIVE;
				CLANG_CXX_LANGUAGE_STANDARD = "gnu++14";
				CLANG_CXX_LIBRARY = "libc++";
				CLANG_ENABLE_MODULES = YES;
				CLANG_ENABLE_OBJC_ARC = YES;
				CLANG_ENABLE_OBJC_WEAK = YES;
				CLANG_WARN_BLOCK_CAPTURE_AUTORELEASING = YES;
				CLANG_WARN_BOOL_CONVERSION = YES;
				CLANG_WARN_COMMA = YES;
				CLANG_WARN_CONSTANT_CONVERSION = YES;
				CLANG_WARN_DEPRECATED_OBJC_IMPLEMENTATIONS = YES;
				CLANG_WARN_DIRECT_OBJC_ISA_USAGE = YES_ERROR;
				CLANG_WARN_DOCUMENTATION_COMMENTS = YES;
				CLANG_WARN_EMPTY_BODY = YES;
				CLANG_WARN_ENUM_CONVERSION = YES;
				CLANG_WARN_INFINITE_RECURSION = YES;
				CLANG_WARN_INT_CONVERSION = YES;
				CLANG_WARN_NON_LITERAL_NULL_CONVERSION = YES;
				CLANG_WARN_OBJC_IMPLICIT_RETAIN_SELF = YES;
				CLANG_WARN_OBJC_LITERAL_CONVERSION = YES;
				CLANG_WARN_OBJC_ROOT_CLASS = YES_ERROR;
				CLANG_WARN_RANGE_LOOP_ANALYSIS = YES;
				CLANG_WARN_STRICT_PROTOTYPES = YES;
				CLANG_WARN_SUSPICIOUS_MOVE = YES;
				CLANG_WARN_UNGUARDED_AVAILABILITY = YES_AGGRESSIVE;
				CLANG_WARN_UNREACHABLE_CODE = YES;
				CLANG_WARN__DUPLICATE_METHOD_MATCH = YES;
				CODE_SIGN_IDENTITY = "iPhone Developer";
				COPY_PHASE_STRIP = NO;
				DEBUG_INFORMATION_FORMAT = dwarf;
				ENABLE_STRICT_OBJC_MSGSEND = YES;
				ENABLE_TESTABILITY = YES;
				GCC_C_LANGUAGE_STANDARD = gnu11;
				GCC_DYNAMIC_NO_PIC = NO;
				GCC_NO_COMMON_BLOCKS = YES;
				GCC_OPTIMIZATION_LEVEL = 0;
				GCC_PREPROCESSOR_DEFINITIONS = (
					"DEBUG=1",
					"$(inherited)",
				);
				GCC_WARN_64_TO_32_BIT_CONVERSION = YES;
				GCC_WARN_ABOUT_RETURN_TYPE = YES_ERROR;
				GCC_WARN_UNDECLARED_SELECTOR = YES;
				GCC_WARN_UNINITIALIZED_AUTOS = YES_AGGRESSIVE;
				GCC_WARN_UNUSED_FUNCTION = YES;
				GCC_WARN_UNUSED_VARIABLE = YES;
				IPHONEOS_DEPLOYMENT_TARGET = 12.0;
				MTL_ENABLE_DEBUG_INFO = INCLUDE_SOURCE;
				MTL_FAST_MATH = YES;
				ONLY_ACTIVE_ARCH = YES;
				SDKROOT = iphoneos;
				SWIFT_ACTIVE_COMPILATION_CONDITIONS = DEBUG;
				SWIFT_OPTIMIZATION_LEVEL = "-Onone";
			};
			name = Debug;
		};
		CB35CE83217AE81C004E83A6 /* Release */ = {
			isa = XCBuildConfiguration;
			buildSettings = {
				ALWAYS_SEARCH_USER_PATHS = NO;
				CLANG_ANALYZER_NONNULL = YES;
				CLANG_ANALYZER_NUMBER_OBJECT_CONVERSION = YES_AGGRESSIVE;
				CLANG_CXX_LANGUAGE_STANDARD = "gnu++14";
				CLANG_CXX_LIBRARY = "libc++";
				CLANG_ENABLE_MODULES = YES;
				CLANG_ENABLE_OBJC_ARC = YES;
				CLANG_ENABLE_OBJC_WEAK = YES;
				CLANG_WARN_BLOCK_CAPTURE_AUTORELEASING = YES;
				CLANG_WARN_BOOL_CONVERSION = YES;
				CLANG_WARN_COMMA = YES;
				CLANG_WARN_CONSTANT_CONVERSION = YES;
				CLANG_WARN_DEPRECATED_OBJC_IMPLEMENTATIONS = YES;
				CLANG_WARN_DIRECT_OBJC_ISA_USAGE = YES_ERROR;
				CLANG_WARN_DOCUMENTATION_COMMENTS = YES;
				CLANG_WARN_EMPTY_BODY = YES;
				CLANG_WARN_ENUM_CONVERSION = YES;
				CLANG_WARN_INFINITE_RECURSION = YES;
				CLANG_WARN_INT_CONVERSION = YES;
				CLANG_WARN_NON_LITERAL_NULL_CONVERSION = YES;
				CLANG_WARN_OBJC_IMPLICIT_RETAIN_SELF = YES;
				CLANG_WARN_OBJC_LITERAL_CONVERSION = YES;
				CLANG_WARN_OBJC_ROOT_CLASS = YES_ERROR;
				CLANG_WARN_RANGE_LOOP_ANALYSIS = YES;
				CLANG_WARN_STRICT_PROTOTYPES = YES;
				CLANG_WARN_SUSPICIOUS_MOVE = YES;
				CLANG_WARN_UNGUARDED_AVAILABILITY = YES_AGGRESSIVE;
				CLANG_WARN_UNREACHABLE_CODE = YES;
				CLANG_WARN__DUPLICATE_METHOD_MATCH = YES;
				CODE_SIGN_IDENTITY = "iPhone Developer";
				COPY_PHASE_STRIP = NO;
				DEBUG_INFORMATION_FORMAT = "dwarf-with-dsym";
				ENABLE_NS_ASSERTIONS = NO;
				ENABLE_STRICT_OBJC_MSGSEND = YES;
				GCC_C_LANGUAGE_STANDARD = gnu11;
				GCC_NO_COMMON_BLOCKS = YES;
				GCC_WARN_64_TO_32_BIT_CONVERSION = YES;
				GCC_WARN_ABOUT_RETURN_TYPE = YES_ERROR;
				GCC_WARN_UNDECLARED_SELECTOR = YES;
				GCC_WARN_UNINITIALIZED_AUTOS = YES_AGGRESSIVE;
				GCC_WARN_UNUSED_FUNCTION = YES;
				GCC_WARN_UNUSED_VARIABLE = YES;
				IPHONEOS_DEPLOYMENT_TARGET = 12.0;
				MTL_ENABLE_DEBUG_INFO = NO;
				MTL_FAST_MATH = YES;
				SDKROOT = iphoneos;
				SWIFT_COMPILATION_MODE = wholemodule;
				SWIFT_OPTIMIZATION_LEVEL = "-O";
				VALIDATE_PRODUCT = YES;
			};
			name = Release;
		};
		CB35CE85217AE81C004E83A6 /* Debug */ = {
			isa = XCBuildConfiguration;
			baseConfigurationReference = 4580B0150D9884548C46E7F5 /* Pods-hackGTiOS.debug.xcconfig */;
			buildSettings = {
				ASSETCATALOG_COMPILER_APPICON_NAME = AppIcon;
				CODE_SIGN_STYLE = Automatic;
				DEVELOPMENT_TEAM = F8D8S8BR4K;
				INFOPLIST_FILE = hackGTiOS/Info.plist;
				LD_RUNPATH_SEARCH_PATHS = (
					"$(inherited)",
					"@executable_path/Frameworks",
				);
				PRODUCT_BUNDLE_IDENTIFIER = com.example.hackGTiOS;
				PRODUCT_NAME = "$(TARGET_NAME)";
				SWIFT_VERSION = 4.2;
				TARGETED_DEVICE_FAMILY = "1,2";
			};
			name = Debug;
		};
		CB35CE86217AE81C004E83A6 /* Release */ = {
			isa = XCBuildConfiguration;
			baseConfigurationReference = 068191474200AD22EDAD51D7 /* Pods-hackGTiOS.release.xcconfig */;
			buildSettings = {
				ASSETCATALOG_COMPILER_APPICON_NAME = AppIcon;
				CODE_SIGN_STYLE = Automatic;
				DEVELOPMENT_TEAM = F8D8S8BR4K;
				INFOPLIST_FILE = hackGTiOS/Info.plist;
				LD_RUNPATH_SEARCH_PATHS = (
					"$(inherited)",
					"@executable_path/Frameworks",
				);
				PRODUCT_BUNDLE_IDENTIFIER = com.example.hackGTiOS;
				PRODUCT_NAME = "$(TARGET_NAME)";
				SWIFT_VERSION = 4.2;
				TARGETED_DEVICE_FAMILY = "1,2";
			};
			name = Release;
		};
		CB35CE88217AE81C004E83A6 /* Debug */ = {
			isa = XCBuildConfiguration;
			baseConfigurationReference = D67D7BCE21771BAEDF1B647F /* Pods-hackGTiOSTests.debug.xcconfig */;
			buildSettings = {
				ALWAYS_EMBED_SWIFT_STANDARD_LIBRARIES = YES;
				BUNDLE_LOADER = "$(TEST_HOST)";
				CODE_SIGN_STYLE = Automatic;
				DEVELOPMENT_TEAM = F8D8S8BR4K;
				INFOPLIST_FILE = hackGTiOSTests/Info.plist;
				LD_RUNPATH_SEARCH_PATHS = (
					"$(inherited)",
					"@executable_path/Frameworks",
					"@loader_path/Frameworks",
				);
				PRODUCT_BUNDLE_IDENTIFIER = com.example.hackGTiOSTests;
				PRODUCT_NAME = "$(TARGET_NAME)";
				SWIFT_VERSION = 4.2;
				TARGETED_DEVICE_FAMILY = "1,2";
				TEST_HOST = "$(BUILT_PRODUCTS_DIR)/hackGTiOS.app/hackGTiOS";
			};
			name = Debug;
		};
		CB35CE89217AE81C004E83A6 /* Release */ = {
			isa = XCBuildConfiguration;
			baseConfigurationReference = A66FF5BDF114B22C4B1FE57D /* Pods-hackGTiOSTests.release.xcconfig */;
			buildSettings = {
				ALWAYS_EMBED_SWIFT_STANDARD_LIBRARIES = YES;
				BUNDLE_LOADER = "$(TEST_HOST)";
				CODE_SIGN_STYLE = Automatic;
				DEVELOPMENT_TEAM = F8D8S8BR4K;
				INFOPLIST_FILE = hackGTiOSTests/Info.plist;
				LD_RUNPATH_SEARCH_PATHS = (
					"$(inherited)",
					"@executable_path/Frameworks",
					"@loader_path/Frameworks",
				);
				PRODUCT_BUNDLE_IDENTIFIER = com.example.hackGTiOSTests;
				PRODUCT_NAME = "$(TARGET_NAME)";
				SWIFT_VERSION = 4.2;
				TARGETED_DEVICE_FAMILY = "1,2";
				TEST_HOST = "$(BUILT_PRODUCTS_DIR)/hackGTiOS.app/hackGTiOS";
			};
			name = Release;
		};
		CB35CE8B217AE81C004E83A6 /* Debug */ = {
			isa = XCBuildConfiguration;
			baseConfigurationReference = 5CB23D59F1C61A471A851645 /* Pods-hackGTiOSUITests.debug.xcconfig */;
			buildSettings = {
				ALWAYS_EMBED_SWIFT_STANDARD_LIBRARIES = YES;
				CODE_SIGN_STYLE = Automatic;
				DEVELOPMENT_TEAM = F8D8S8BR4K;
				INFOPLIST_FILE = hackGTiOSUITests/Info.plist;
				LD_RUNPATH_SEARCH_PATHS = (
					"$(inherited)",
					"@executable_path/Frameworks",
					"@loader_path/Frameworks",
				);
				PRODUCT_BUNDLE_IDENTIFIER = com.example.hackGTiOSUITests;
				PRODUCT_NAME = "$(TARGET_NAME)";
				SWIFT_VERSION = 4.2;
				TARGETED_DEVICE_FAMILY = "1,2";
				TEST_TARGET_NAME = hackGTiOS;
			};
			name = Debug;
		};
		CB35CE8C217AE81C004E83A6 /* Release */ = {
			isa = XCBuildConfiguration;
			baseConfigurationReference = 270B2E1A1EF82B736EA11980 /* Pods-hackGTiOSUITests.release.xcconfig */;
			buildSettings = {
				ALWAYS_EMBED_SWIFT_STANDARD_LIBRARIES = YES;
				CODE_SIGN_STYLE = Automatic;
				DEVELOPMENT_TEAM = F8D8S8BR4K;
				INFOPLIST_FILE = hackGTiOSUITests/Info.plist;
				LD_RUNPATH_SEARCH_PATHS = (
					"$(inherited)",
					"@executable_path/Frameworks",
					"@loader_path/Frameworks",
				);
				PRODUCT_BUNDLE_IDENTIFIER = com.example.hackGTiOSUITests;
				PRODUCT_NAME = "$(TARGET_NAME)";
				SWIFT_VERSION = 4.2;
				TARGETED_DEVICE_FAMILY = "1,2";
				TEST_TARGET_NAME = hackGTiOS;
			};
			name = Release;
		};
/* End XCBuildConfiguration section */

/* Begin XCConfigurationList section */
		CB35CE57217AE81A004E83A6 /* Build configuration list for PBXProject "hackGTiOS" */ = {
			isa = XCConfigurationList;
			buildConfigurations = (
				CB35CE82217AE81C004E83A6 /* Debug */,
				CB35CE83217AE81C004E83A6 /* Release */,
			);
			defaultConfigurationIsVisible = 0;
			defaultConfigurationName = Release;
		};
		CB35CE84217AE81C004E83A6 /* Build configuration list for PBXNativeTarget "hackGTiOS" */ = {
			isa = XCConfigurationList;
			buildConfigurations = (
				CB35CE85217AE81C004E83A6 /* Debug */,
				CB35CE86217AE81C004E83A6 /* Release */,
			);
			defaultConfigurationIsVisible = 0;
			defaultConfigurationName = Release;
		};
		CB35CE87217AE81C004E83A6 /* Build configuration list for PBXNativeTarget "hackGTiOSTests" */ = {
			isa = XCConfigurationList;
			buildConfigurations = (
				CB35CE88217AE81C004E83A6 /* Debug */,
				CB35CE89217AE81C004E83A6 /* Release */,
			);
			defaultConfigurationIsVisible = 0;
			defaultConfigurationName = Release;
		};
		CB35CE8A217AE81C004E83A6 /* Build configuration list for PBXNativeTarget "hackGTiOSUITests" */ = {
			isa = XCConfigurationList;
			buildConfigurations = (
				CB35CE8B217AE81C004E83A6 /* Debug */,
				CB35CE8C217AE81C004E83A6 /* Release */,
			);
			defaultConfigurationIsVisible = 0;
			defaultConfigurationName = Release;
		};
/* End XCConfigurationList section */
	};
	rootObject = CB35CE54217AE81A004E83A6 /* Project object */;
}
